
Microsoft Visual Studio Solution File, Format Version 12.00
# Visual Studio 15
VisualStudioVersion = 15.0.26124.0
MinimumVisualStudioVersion = 15.0.26124.0
Project("{FAE04EC0-301F-11D3-BF4B-00C04F79EFBC}") = "ApenLogManager", "ApenLogManager\ApenLogManager.csproj", "{5CADF9AA-4337-4EC8-ABE3-4EE88CC4EA24}"
EndProject
Project("{FAE04EC0-301F-11D3-BF4B-00C04F79EFBC}") = "AuditLogger", "AuditLogger\AuditLogger.csproj", "{191ECCAD-A2A0-46AC-BD59-D34A5C3BFBD1}"
EndProject
Project("{FAE04EC0-301F-11D3-BF4B-00C04F79EFBC}") = "TestLoggerCmd", "TestLoggerCmd\TestLoggerCmd.csproj", "{DCF07055-5D80-49FC-97B0-9A92A4057759}"
EndProject
Project("{FAE04EC0-301F-11D3-BF4B-00C04F79EFBC}") = "LoggerTest", "LoggerTest\LoggerTest.csproj", "{681E8004-C472-4610-AEA0-082BE024E2B0}"
EndProject
Project("{FAE04EC0-301F-11D3-BF4B-00C04F79EFBC}") = "TestLoggerMVC", "TestLoggerMVC\TestLoggerMVC.csproj", "{0ACCE1ED-B90E-4211-823D-07838ADD710E}"
EndProject
Global
	GlobalSection(SolutionConfigurationPlatforms) = preSolution
		Debug|Any CPU = Debug|Any CPU
		Debug|x64 = Debug|x64
		Debug|x86 = Debug|x86
		Release|Any CPU = Release|Any CPU
		Release|x64 = Release|x64
		Release|x86 = Release|x86
	EndGlobalSection
	GlobalSection(SolutionProperties) = preSolution
		HideSolutionNode = FALSE
	EndGlobalSection
	GlobalSection(ProjectConfigurationPlatforms) = postSolution
		{5CADF9AA-4337-4EC8-ABE3-4EE88CC4EA24}.Debug|Any CPU.ActiveCfg = Debug|Any CPU
		{5CADF9AA-4337-4EC8-ABE3-4EE88CC4EA24}.Debug|Any CPU.Build.0 = Debug|Any CPU
		{5CADF9AA-4337-4EC8-ABE3-4EE88CC4EA24}.Debug|x64.ActiveCfg = Debug|Any CPU
		{5CADF9AA-4337-4EC8-ABE3-4EE88CC4EA24}.Debug|x64.Build.0 = Debug|Any CPU
		{5CADF9AA-4337-4EC8-ABE3-4EE88CC4EA24}.Debug|x86.ActiveCfg = Debug|Any CPU
		{5CADF9AA-4337-4EC8-ABE3-4EE88CC4EA24}.Debug|x86.Build.0 = Debug|Any CPU
		{5CADF9AA-4337-4EC8-ABE3-4EE88CC4EA24}.Release|Any CPU.ActiveCfg = Release|Any CPU
		{5CADF9AA-4337-4EC8-ABE3-4EE88CC4EA24}.Release|Any CPU.Build.0 = Release|Any CPU
		{5CADF9AA-4337-4EC8-ABE3-4EE88CC4EA24}.Release|x64.ActiveCfg = Release|Any CPU
		{5CADF9AA-4337-4EC8-ABE3-4EE88CC4EA24}.Release|x64.Build.0 = Release|Any CPU
		{5CADF9AA-4337-4EC8-ABE3-4EE88CC4EA24}.Release|x86.ActiveCfg = Release|Any CPU
		{5CADF9AA-4337-4EC8-ABE3-4EE88CC4EA24}.Release|x86.Build.0 = Release|Any CPU
		{191ECCAD-A2A0-46AC-BD59-D34A5C3BFBD1}.Debug|Any CPU.ActiveCfg = Debug|Any CPU
		{191ECCAD-A2A0-46AC-BD59-D34A5C3BFBD1}.Debug|Any CPU.Build.0 = Debug|Any CPU
		{191ECCAD-A2A0-46AC-BD59-D34A5C3BFBD1}.Debug|x64.ActiveCfg = Debug|Any CPU
		{191ECCAD-A2A0-46AC-BD59-D34A5C3BFBD1}.Debug|x64.Build.0 = Debug|Any CPU
		{191ECCAD-A2A0-46AC-BD59-D34A5C3BFBD1}.Debug|x86.ActiveCfg = Debug|Any CPU
		{191ECCAD-A2A0-46AC-BD59-D34A5C3BFBD1}.Debug|x86.Build.0 = Debug|Any CPU
		{191ECCAD-A2A0-46AC-BD59-D34A5C3BFBD1}.Release|Any CPU.ActiveCfg = Release|Any CPU
		{191ECCAD-A2A0-46AC-BD59-D34A5C3BFBD1}.Release|Any CPU.Build.0 = Release|Any CPU
		{191ECCAD-A2A0-46AC-BD59-D34A5C3BFBD1}.Release|x64.ActiveCfg = Release|Any CPU
		{191ECCAD-A2A0-46AC-BD59-D34A5C3BFBD1}.Release|x64.Build.0 = Release|Any CPU
		{191ECCAD-A2A0-46AC-BD59-D34A5C3BFBD1}.Release|x86.ActiveCfg = Release|Any CPU
		{191ECCAD-A2A0-46AC-BD59-D34A5C3BFBD1}.Release|x86.Build.0 = Release|Any CPU
		{DCF07055-5D80-49FC-97B0-9A92A4057759}.Debug|Any CPU.ActiveCfg = Debug|Any CPU
		{DCF07055-5D80-49FC-97B0-9A92A4057759}.Debug|Any CPU.Build.0 = Debug|Any CPU
		{DCF07055-5D80-49FC-97B0-9A92A4057759}.Debug|x64.ActiveCfg = Debug|Any CPU
		{DCF07055-5D80-49FC-97B0-9A92A4057759}.Debug|x64.Build.0 = Debug|Any CPU
		{DCF07055-5D80-49FC-97B0-9A92A4057759}.Debug|x86.ActiveCfg = Debug|Any CPU
		{DCF07055-5D80-49FC-97B0-9A92A4057759}.Debug|x86.Build.0 = Debug|Any CPU
		{DCF07055-5D80-49FC-97B0-9A92A4057759}.Release|Any CPU.ActiveCfg = Release|Any CPU
		{DCF07055-5D80-49FC-97B0-9A92A4057759}.Release|Any CPU.Build.0 = Release|Any CPU
		{DCF07055-5D80-49FC-97B0-9A92A4057759}.Release|x64.ActiveCfg = Release|Any CPU
		{DCF07055-5D80-49FC-97B0-9A92A4057759}.Release|x64.Build.0 = Release|Any CPU
		{DCF07055-5D80-49FC-97B0-9A92A4057759}.Release|x86.ActiveCfg = Release|Any CPU
		{DCF07055-5D80-49FC-97B0-9A92A4057759}.Release|x86.Build.0 = Release|Any CPU
		{681E8004-C472-4610-AEA0-082BE024E2B0}.Debug|Any CPU.ActiveCfg = Debug|Any CPU
		{681E8004-C472-4610-AEA0-082BE024E2B0}.Debug|Any CPU.Build.0 = Debug|Any CPU
		{681E8004-C472-4610-AEA0-082BE024E2B0}.Debug|x64.ActiveCfg = Debug|Any CPU
		{681E8004-C472-4610-AEA0-082BE024E2B0}.Debug|x64.Build.0 = Debug|Any CPU
		{681E8004-C472-4610-AEA0-082BE024E2B0}.Debug|x86.ActiveCfg = Debug|Any CPU
		{681E8004-C472-4610-AEA0-082BE024E2B0}.Debug|x86.Build.0 = Debug|Any CPU
		{681E8004-C472-4610-AEA0-082BE024E2B0}.Release|Any CPU.ActiveCfg = Release|Any CPU
		{681E8004-C472-4610-AEA0-082BE024E2B0}.Release|Any CPU.Build.0 = Release|Any CPU
		{681E8004-C472-4610-AEA0-082BE024E2B0}.Release|x64.ActiveCfg = Release|Any CPU
		{681E8004-C472-4610-AEA0-082BE024E2B0}.Release|x64.Build.0 = Release|Any CPU
		{681E8004-C472-4610-AEA0-082BE024E2B0}.Release|x86.ActiveCfg = Release|Any CPU
		{681E8004-C472-4610-AEA0-082BE024E2B0}.Release|x86.Build.0 = Release|Any CPU
		{0ACCE1ED-B90E-4211-823D-07838ADD710E}.Debug|Any CPU.ActiveCfg = Debug|Any CPU
		{0ACCE1ED-B90E-4211-823D-07838ADD710E}.Debug|Any CPU.Build.0 = Debug|Any CPU
		{0ACCE1ED-B90E-4211-823D-07838ADD710E}.Debug|x64.ActiveCfg = Debug|Any CPU
		{0ACCE1ED-B90E-4211-823D-07838ADD710E}.Debug|x64.Build.0 = Debug|Any CPU
		{0ACCE1ED-B90E-4211-823D-07838ADD710E}.Debug|x86.ActiveCfg = Debug|Any CPU
		{0ACCE1ED-B90E-4211-823D-07838ADD710E}.Debug|x86.Build.0 = Debug|Any CPU
		{0ACCE1ED-B90E-4211-823D-07838ADD710E}.Release|Any CPU.ActiveCfg = Release|Any CPU
		{0ACCE1ED-B90E-4211-823D-07838ADD710E}.Release|Any CPU.Build.0 = Release|Any CPU
		{0ACCE1ED-B90E-4211-823D-07838ADD710E}.Release|x64.ActiveCfg = Release|Any CPU
		{0ACCE1ED-B90E-4211-823D-07838ADD710E}.Release|x64.Build.0 = Release|Any CPU
		{0ACCE1ED-B90E-4211-823D-07838ADD710E}.Release|x86.ActiveCfg = Release|Any CPU
		{0ACCE1ED-B90E-4211-823D-07838ADD710E}.Release|x86.Build.0 = Release|Any CPU
	EndGlobalSection
EndGlobal
